
Microsoft Visual Studio Solution File, Format Version 12.00
# Visual Studio Version 17
VisualStudioVersion = 17.5.33424.131
MinimumVisualStudioVersion = 10.0.40219.1
Project("{9A19103F-16F7-4668-BE54-9A1E7A4F7556}") = "CSharp", "CSharp.csproj", "{8736C923-4D7B-4B9F-AC78-ABC337AF95CA}"
EndProject
Project("{9A19103F-16F7-4668-BE54-9A1E7A4F7556}") = "Aviokompanija", "..\ConsoleApp1\Aviokompanija.csproj", "{11D849BA-FA86-4907-9CF4-A5E61B8BFEE9}"
EndProject
Project("{FAE04EC0-301F-11D3-BF4B-00C04F79EFBC}") = "Vezbe 4", "..\Vezbe 4\Vezbe 4.csproj", "{1B1A8852-2D17-4B88-8B5C-AC767812B763}"
EndProject
Project("{FAE04EC0-301F-11D3-BF4B-00C04F79EFBC}") = "Zadatak 2", "..\Zadatak 2\Zadatak 2.csproj", "{61536C0D-260A-4D6D-8EEF-584D5CF2D8F3}"
EndProject
Global
	GlobalSection(SolutionConfigurationPlatforms) = preSolution
		Debug|Any CPU = Debug|Any CPU
		Release|Any CPU = Release|Any CPU
	EndGlobalSection
	GlobalSection(ProjectConfigurationPlatforms) = postSolution
		{8736C923-4D7B-4B9F-AC78-ABC337AF95CA}.Debug|Any CPU.ActiveCfg = Debug|Any CPU
		{8736C923-4D7B-4B9F-AC78-ABC337AF95CA}.Debug|Any CPU.Build.0 = Debug|Any CPU
		{8736C923-4D7B-4B9F-AC78-ABC337AF95CA}.Release|Any CPU.ActiveCfg = Release|Any CPU
		{8736C923-4D7B-4B9F-AC78-ABC337AF95CA}.Release|Any CPU.Build.0 = Release|Any CPU
		{11D849BA-FA86-4907-9CF4-A5E61B8BFEE9}.Debug|Any CPU.ActiveCfg = Debug|Any CPU
		{11D849BA-FA86-4907-9CF4-A5E61B8BFEE9}.Debug|Any CPU.Build.0 = Debug|Any CPU
		{11D849BA-FA86-4907-9CF4-A5E61B8BFEE9}.Release|Any CPU.ActiveCfg = Release|Any CPU
		{11D849BA-FA86-4907-9CF4-A5E61B8BFEE9}.Release|Any CPU.Build.0 = Release|Any CPU
		{1B1A8852-2D17-4B88-8B5C-AC767812B763}.Debug|Any CPU.ActiveCfg = Debug|Any CPU
		{1B1A8852-2D17-4B88-8B5C-AC767812B763}.Debug|Any CPU.Build.0 = Debug|Any CPU
		{1B1A8852-2D17-4B88-8B5C-AC767812B763}.Release|Any CPU.ActiveCfg = Release|Any CPU
		{1B1A8852-2D17-4B88-8B5C-AC767812B763}.Release|Any CPU.Build.0 = Release|Any CPU
		{61536C0D-260A-4D6D-8EEF-584D5CF2D8F3}.Debug|Any CPU.ActiveCfg = Debug|Any CPU
		{61536C0D-260A-4D6D-8EEF-584D5CF2D8F3}.Debug|Any CPU.Build.0 = Debug|Any CPU
		{61536C0D-260A-4D6D-8EEF-584D5CF2D8F3}.Release|Any CPU.ActiveCfg = Release|Any CPU
		{61536C0D-260A-4D6D-8EEF-584D5CF2D8F3}.Release|Any CPU.Build.0 = Release|Any CPU
	EndGlobalSection
	GlobalSection(SolutionProperties) = preSolution
		HideSolutionNode = FALSE
	EndGlobalSection
	GlobalSection(ExtensibilityGlobals) = postSolution
		SolutionGuid = {2E6CA8FD-35AF-462A-9E56-23649505FE54}
	EndGlobalSection
EndGlobal
